
Microsoft Visual Studio Solution File, Format Version 12.00
# Visual Studio Version 17
VisualStudioVersion = 17.11.35312.102
MinimumVisualStudioVersion = 10.0.40219.1
Project("{FAE04EC0-301F-11D3-BF4B-00C04F79EFBC}") = "TentBooking", "TentBooking.csproj", "{AAD670D3-6832-424F-BFB8-E9B804448A29}"
EndProject
Global
	GlobalSection(SolutionConfigurationPlatforms) = preSolution
		Debug|Any CPU = Debug|Any CPU
		Release|Any CPU = Release|Any CPU
	EndGlobalSection
	GlobalSection(ProjectConfigurationPlatforms) = postSolution
		{AAD670D3-6832-424F-BFB8-E9B804448A29}.Debug|Any CPU.ActiveCfg = Debug|Any CPU
		{AAD670D3-6832-424F-BFB8-E9B804448A29}.Debug|Any CPU.Build.0 = Debug|Any CPU
		{AAD670D3-6832-424F-BFB8-E9B804448A29}.Release|Any CPU.ActiveCfg = Release|Any CPU
		{AAD670D3-6832-424F-BFB8-E9B804448A29}.Release|Any CPU.Build.0 = Release|Any CPU
	EndGlobalSection
	GlobalSection(SolutionProperties) = preSolution
		HideSolutionNode = FALSE
	EndGlobalSection
	GlobalSection(ExtensibilityGlobals) = postSolution
		SolutionGuid = {6F91C075-D939-4269-8556-50AD3A90DB02}
	EndGlobalSection
EndGlobal
